
Microsoft Visual Studio Solution File, Format Version 12.00
# Visual Studio Version 16
VisualStudioVersion = 16.0.29025.244
MinimumVisualStudioVersion = 10.0.40219.1
Project("{FAE04EC0-301F-11D3-BF4B-00C04F79EFBC}") = "WinForms_interface", "WinForms_interface\WinForms_interface.csproj", "{5BD3082B-97B0-499E-92A1-9E66928AC858}"
EndProject
Global
	GlobalSection(SolutionConfigurationPlatforms) = preSolution
		Debug|Any CPU = Debug|Any CPU
		Release|Any CPU = Release|Any CPU
	EndGlobalSection
	GlobalSection(ProjectConfigurationPlatforms) = postSolution
		{5BD3082B-97B0-499E-92A1-9E66928AC858}.Debug|Any CPU.ActiveCfg = Debug|Any CPU
		{5BD3082B-97B0-499E-92A1-9E66928AC858}.Debug|Any CPU.Build.0 = Debug|Any CPU
		{5BD3082B-97B0-499E-92A1-9E66928AC858}.Release|Any CPU.ActiveCfg = Release|Any CPU
		{5BD3082B-97B0-499E-92A1-9E66928AC858}.Release|Any CPU.Build.0 = Release|Any CPU
	EndGlobalSection
	GlobalSection(SolutionProperties) = preSolution
		HideSolutionNode = FALSE
	EndGlobalSection
	GlobalSection(ExtensibilityGlobals) = postSolution
		SolutionGuid = {4A62446D-6398-4795-B8BF-6BE519CC4BFC}
	EndGlobalSection
EndGlobal
